// !$*UTF8*$!
{
	archiveVersion = 1;
	classes = {
	};
	objectVersion = 46;
	objects = {

/* Begin PBXBuildFile section */
		7789F1161DC8DE5E000E9AF8 /* AppDelegate.swift in Sources */ = {isa = PBXBuildFile; fileRef = 7789F1151DC8DE5E000E9AF8 /* AppDelegate.swift */; };
		7789F1181DC8DE5E000E9AF8 /* ViewController.swift in Sources */ = {isa = PBXBuildFile; fileRef = 7789F1171DC8DE5E000E9AF8 /* ViewController.swift */; };
		7789F11B1DC8DE5E000E9AF8 /* Main.storyboard in Resources */ = {isa = PBXBuildFile; fileRef = 7789F1191DC8DE5E000E9AF8 /* Main.storyboard */; };
		7789F11D1DC8DE5E000E9AF8 /* Assets.xcassets in Resources */ = {isa = PBXBuildFile; fileRef = 7789F11C1DC8DE5E000E9AF8 /* Assets.xcassets */; };
		7789F1201DC8DE5E000E9AF8 /* LaunchScreen.storyboard in Resources */ = {isa = PBXBuildFile; fileRef = 7789F11E1DC8DE5E000E9AF8 /* LaunchScreen.storyboard */; };
/* End PBXBuildFile section */

/* Begin PBXFileReference section */
		7789F1121DC8DE5E000E9AF8 /* ioscourse.app */ = {isa = PBXFileReference; explicitFileType = wrapper.application; includeInIndex = 0; path = ioscourse.app; sourceTree = BUILT_PRODUCTS_DIR; };
		7789F1151DC8DE5E000E9AF8 /* AppDelegate.swift */ = {isa = PBXFileReference; lastKnownFileType = sourcecode.swift; path = AppDelegate.swift; sourceTree = "<group>"; };
		7789F1171DC8DE5E000E9AF8 /* ViewController.swift */ = {isa = PBXFileReference; lastKnownFileType = sourcecode.swift; path = ViewController.swift; sourceTree = "<group>"; };
		7789F11A1DC8DE5E000E9AF8 /* Base */ = {isa = PBXFileReference; lastKnownFileType = file.storyboard; name = Base; path = Base.lproj/Main.storyboard; sourceTree = "<group>"; };
		7789F11C1DC8DE5E000E9AF8 /* Assets.xcassets */ = {isa = PBXFileReference; lastKnownFileType = folder.assetcatalog; path = Assets.xcassets; sourceTree = "<group>"; };
		7789F11F1DC8DE5E000E9AF8 /* Base */ = {isa = PBXFileReference; lastKnownFileType = file.storyboard; name = Base; path = Base.lproj/LaunchScreen.storyboard; sourceTree = "<group>"; };
		7789F1211DC8DE5E000E9AF8 /* Info.plist */ = {isa = PBXFileReference; lastKnownFileType = text.plist.xml; path = Info.plist; sourceTree = "<group>"; };
/* End PBXFileReference section */

/* Begin PBXFrameworksBuildPhase section */
		7789F10F1DC8DE5E000E9AF8 /* Frameworks */ = {
			isa = PBXFrameworksBuildPhase;
			buildActionMask = 2147483647;
			files = (
			);
			runOnlyForDeploymentPostprocessing = 0;
		};
/* End PBXFrameworksBuildPhase section */

/* Begin PBXGroup section */
		7789F1091DC8DE5E000E9AF8 = {
			isa = PBXGroup;
			children = (
				7789F1141DC8DE5E000E9AF8 /* ioscourse */,
				7789F1131DC8DE5E000E9AF8 /* Products */,
			);
			sourceTree = "<group>";
		};
		7789F1131DC8DE5E000E9AF8 /* Products */ = {
			isa = PBXGroup;
			children = (
				7789F1121DC8DE5E000E9AF8 /* ioscourse.app */,
			);
			name = Products;
			sourceTree = "<group>";
		};
		7789F1141DC8DE5E000E9AF8 /* ioscourse */ = {
			isa = PBXGroup;
			children = (
				7789F1151DC8DE5E000E9AF8 /* AppDelegate.swift */,
				7789F1171DC8DE5E000E9AF8 /* ViewController.swift */,
				7789F1191DC8DE5E000E9AF8 /* Main.storyboard */,
				7789F11C1DC8DE5E000E9AF8 /* Assets.xcassets */,
				7789F11E1DC8DE5E000E9AF8 /* LaunchScreen.storyboard */,
				7789F1211DC8DE5E000E9AF8 /* Info.plist */,
			);
			path = ioscourse;
			sourceTree = "<group>";
		};
/* End PBXGroup section */

/* Begin PBXNativeTarget section */
		7789F1111DC8DE5E000E9AF8 /* ioscourse */ = {
			isa = PBXNativeTarget;
			buildConfigurationList = 7789F1241DC8DE5F000E9AF8 /* Build configuration list for PBXNativeTarget "ioscourse" */;
			buildPhases = (
				7789F10E1DC8DE5E000E9AF8 /* Sources */,
				7789F10F1DC8DE5E000E9AF8 /* Frameworks */,
				7789F1101DC8DE5E000E9AF8 /* Resources */,
			);
			buildRules = (
			);
			dependencies = (
			);
			name = ioscourse;
			productName = ioscourse;
			productReference = 7789F1121DC8DE5E000E9AF8 /* ioscourse.app */;
			productType = "com.apple.product-type.application";
		};
/* End PBXNativeTarget section */

/* Begin PBXProject section */
		7789F10A1DC8DE5E000E9AF8 /* Project object */ = {
			isa = PBXProject;
			attributes = {
				LastSwiftUpdateCheck = 0800;
				LastUpgradeCheck = 0800;
				ORGANIZATIONNAME = "InVita d.o.o.";
				TargetAttributes = {
					7789F1111DC8DE5E000E9AF8 = {
						CreatedOnToolsVersion = 8.0;
						ProvisioningStyle = Automatic;
					};
				};
			};
			buildConfigurationList = 7789F10D1DC8DE5E000E9AF8 /* Build configuration list for PBXProject "ioscourse" */;
			compatibilityVersion = "Xcode 3.2";
			developmentRegion = English;
			hasScannedForEncodings = 0;
			knownRegions = (
				en,
				Base,
			);
			mainGroup = 7789F1091DC8DE5E000E9AF8;
			productRefGroup = 7789F1131DC8DE5E000E9AF8 /* Products */;
			projectDirPath = "";
			projectRoot = "";
			targets = (
				7789F1111DC8DE5E000E9AF8 /* ioscourse */,
			);
		};
/* End PBXProject section */

/* Begin PBXResourcesBuildPhase section */
		7789F1101DC8DE5E000E9AF8 /* Resources */ = {
			isa = PBXResourcesBuildPhase;
			buildActionMask = 2147483647;
			files = (
				7789F1201DC8DE5E000E9AF8 /* LaunchScreen.storyboard in Resources */,
				7789F11D1DC8DE5E000E9AF8 /* Assets.xcassets in Resources */,
				7789F11B1DC8DE5E000E9AF8 /* Main.storyboard in Resources */,
			);
			runOnlyForDeploymentPostprocessing = 0;
		};
/* End PBXResourcesBuildPhase section */

/* Begin PBXSourcesBuildPhase section */
		7789F10E1DC8DE5E000E9AF8 /* Sources */ = {
			isa = PBXSourcesBuildPhase;
			buildActionMask = 2147483647;
			files = (
				7789F1181DC8DE5E000E9AF8 /* ViewController.swift in Sources */,
				7789F1161DC8DE5E000E9AF8 /* AppDelegate.swift in Sources */,
			);
			runOnlyForDeploymentPostprocessing = 0;
		};
/* End PBXSourcesBuildPhase section */

/* Begin PBXVariantGroup section */
		7789F1191DC8DE5E000E9AF8 /* Main.storyboard */ = {
			isa = PBXVariantGroup;
			children = (
				7789F11A1DC8DE5E000E9AF8 /* Base */,
			);
			name = Main.storyboard;
			sourceTree = "<group>";
		};
		7789F11E1DC8DE5E000E9AF8 /* LaunchScreen.storyboard */ = {
			isa = PBXVariantGroup;
			children = (
				7789F11F1DC8DE5E000E9AF8 /* Base */,
			);
			name = LaunchScreen.storyboard;
			sourceTree = "<group>";
		};
/* End PBXVariantGroup section */

/* Begin XCBuildConfiguration section */
		7789F1221DC8DE5F000E9AF8 /* Debug */ = {
			isa = XCBuildConfiguration;
			buildSettings = {
				ALWAYS_SEARCH_USER_PATHS = NO;
				CLANG_ANALYZER_NONNULL = YES;
				CLANG_CXX_LANGUAGE_STANDARD = "gnu++0x";
				CLANG_CXX_LIBRARY = "libc++";
				CLANG_ENABLE_MODULES = YES;
				CLANG_ENABLE_OBJC_ARC = YES;
				CLANG_WARN_BOOL_CONVERSION = YES;
				CLANG_WARN_CONSTANT_CONVERSION = YES;
				CLANG_WARN_DIRECT_OBJC_ISA_USAGE = YES_ERROR;
				CLANG_WARN_DOCUMENTATION_COMMENTS = YES;
				CLANG_WARN_EMPTY_BODY = YES;
				CLANG_WARN_ENUM_CONVERSION = YES;
				CLANG_WARN_INFINITE_RECURSION = YES;
				CLANG_WARN_INT_CONVERSION = YES;
				CLANG_WARN_OBJC_ROOT_CLASS = YES_ERROR;
				CLANG_WARN_SUSPICIOUS_MOVES = YES;
				CLANG_WARN_UNREACHABLE_CODE = YES;
				CLANG_WARN__DUPLICATE_METHOD_MATCH = YES;
				"CODE_SIGN_IDENTITY[sdk=iphoneos*]" = "iPhone Developer";
				COPY_PHASE_STRIP = NO;
				DEBUG_INFORMATION_FORMAT = dwarf;
				ENABLE_STRICT_OBJC_MSGSEND = YES;
				ENABLE_TESTABILITY = YES;
				GCC_C_LANGUAGE_STANDARD = gnu99;
				GCC_DYNAMIC_NO_PIC = NO;
				GCC_NO_COMMON_BLOCKS = YES;
				GCC_OPTIMIZATION_LEVEL = 0;
				GCC_PREPROCESSOR_DEFINITIONS = (
					"DEBUG=1",
					"$(inherited)",
				);
				GCC_WARN_64_TO_32_BIT_CONVERSION = YES;
				GCC_WARN_ABOUT_RETURN_TYPE = YES_ERROR;
				GCC_WARN_UNDECLARED_SELECTOR = YES;
				GCC_WARN_UNINITIALIZED_AUTOS = YES_AGGRESSIVE;
				GCC_WARN_UNUSED_FUNCTION = YES;
				GCC_WARN_UNUSED_VARIABLE = YES;
				IPHONEOS_DEPLOYMENT_TARGET = 10.0;
				MTL_ENABLE_DEBUG_INFO = YES;
				ONLY_ACTIVE_ARCH = YES;
				SDKROOT = iphoneos;
				SWIFT_ACTIVE_COMPILATION_CONDITIONS = DEBUG;
				SWIFT_OPTIMIZATION_LEVEL = "-Onone";
				TARGETED_DEVICE_FAMILY = "1,2";
			};
			name = Debug;
		};
		7789F1231DC8DE5F000E9AF8 /* Release */ = {
			isa = XCBuildConfiguration;
			buildSettings = {
				ALWAYS_SEARCH_USER_PATHS = NO;
				CLANG_ANALYZER_NONNULL = YES;
				CLANG_CXX_LANGUAGE_STANDARD = "gnu++0x";
				CLANG_CXX_LIBRARY = "libc++";
				CLANG_ENABLE_MODULES = YES;
				CLANG_ENABLE_OBJC_ARC = YES;
				CLANG_WARN_BOOL_CONVERSION = YES;
				CLANG_WARN_CONSTANT_CONVERSION = YES;
				CLANG_WARN_DIRECT_OBJC_ISA_USAGE = YES_ERROR;
				CLANG_WARN_DOCUMENTATION_COMMENTS = YES;
				CLANG_WARN_EMPTY_BODY = YES;
				CLANG_WARN_ENUM_CONVERSION = YES;
				CLANG_WARN_INFINITE_RECURSION = YES;
				CLANG_WARN_INT_CONVERSION = YES;
				CLANG_WARN_OBJC_ROOT_CLASS = YES_ERROR;
				CLANG_WARN_SUSPICIOUS_MOVES = YES;
				CLANG_WARN_UNREACHABLE_CODE = YES;
				CLANG_WARN__DUPLICATE_METHOD_MATCH = YES;
				"CODE_SIGN_IDENTITY[sdk=iphoneos*]" = "iPhone Developer";
				COPY_PHASE_STRIP = NO;
				DEBUG_INFORMATION_FORMAT = "dwarf-with-dsym";
				ENABLE_NS_ASSERTIONS = NO;
				ENABLE_STRICT_OBJC_MSGSEND = YES;
				GCC_C_LANGUAGE_STANDARD = gnu99;
				GCC_NO_COMMON_BLOCKS = YES;
				GCC_WARN_64_TO_32_BIT_CONVERSION = YES;
				GCC_WARN_ABOUT_RETURN_TYPE = YES_ERROR;
				GCC_WARN_UNDECLARED_SELECTOR = YES;
				GCC_WARN_UNINITIALIZED_AUTOS = YES_AGGRESSIVE;
				GCC_WARN_UNUSED_FUNCTION = YES;
				GCC_WARN_UNUSED_VARIABLE = YES;
				IPHONEOS_DEPLOYMENT_TARGET = 10.0;
				MTL_ENABLE_DEBUG_INFO = NO;
				SDKROOT = iphoneos;
				SWIFT_OPTIMIZATION_LEVEL = "-Owholemodule";
				TARGETED_DEVICE_FAMILY = "1,2";
				VALIDATE_PRODUCT = YES;
			};
			name = Release;
		};
		7789F1251DC8DE5F000E9AF8 /* Debug */ = {
			isa = XCBuildConfiguration;
			buildSettings = {
				ASSETCATALOG_COMPILER_APPICON_NAME = AppIcon;
				INFOPLIST_FILE = ioscourse/Info.plist;
				LD_RUNPATH_SEARCH_PATHS = "$(inherited) @executable_path/Frameworks";
				PRODUCT_BUNDLE_IDENTIFIER = hr.invita.ioscourse;
				PRODUCT_NAME = "$(TARGET_NAME)";
				SWIFT_VERSION = 3.0;
			};
			name = Debug;
		};
		7789F1261DC8DE5F000E9AF8 /* Release */ = {
			isa = XCBuildConfiguration;
			buildSettings = {
				ASSETCATALOG_COMPILER_APPICON_NAME = AppIcon;
				INFOPLIST_FILE = ioscourse/Info.plist;
				LD_RUNPATH_SEARCH_PATHS = "$(inherited) @executable_path/Frameworks";
				PRODUCT_BUNDLE_IDENTIFIER = hr.invita.ioscourse;
				PRODUCT_NAME = "$(TARGET_NAME)";
				SWIFT_VERSION = 3.0;
			};
			name = Release;
		};
/* End XCBuildConfiguration section */

/* Begin XCConfigurationList section */
		7789F10D1DC8DE5E000E9AF8 /* Build configuration list for PBXProject "ioscourse" */ = {
			isa = XCConfigurationList;
			buildConfigurations = (
				7789F1221DC8DE5F000E9AF8 /* Debug */,
				7789F1231DC8DE5F000E9AF8 /* Release */,
			);
			defaultConfigurationIsVisible = 0;
			defaultConfigurationName = Release;
		};
		7789F1241DC8DE5F000E9AF8 /* Build configuration list for PBXNativeTarget "ioscourse" */ = {
			isa = XCConfigurationList;
			buildConfigurations = (
				7789F1251DC8DE5F000E9AF8 /* Debug */,
				7789F1261DC8DE5F000E9AF8 /* Release */,
			);
			defaultConfigurationIsVisible = 0;
		};
/* End XCConfigurationList section */
	};
	rootObject = 7789F10A1DC8DE5E000E9AF8 /* Project object */;
}
